// !$*UTF8*$!
{
	archiveVersion = 1;
	classes = {
	};
	objectVersion = 50;
	objects = {

/* Begin PBXBuildFile section */
		8D63A1302429CB2C00D799F7 /* AppDelegate.swift in Sources */ = {isa = PBXBuildFile; fileRef = 8D63A12F2429CB2C00D799F7 /* AppDelegate.swift */; };
		8D63A1322429CB2C00D799F7 /* SceneDelegate.swift in Sources */ = {isa = PBXBuildFile; fileRef = 8D63A1312429CB2C00D799F7 /* SceneDelegate.swift */; };
		8D63A1342429CB2C00D799F7 /* ViewController.swift in Sources */ = {isa = PBXBuildFile; fileRef = 8D63A1332429CB2C00D799F7 /* ViewController.swift */; };
		8D63A1372429CB2C00D799F7 /* Main.storyboard in Resources */ = {isa = PBXBuildFile; fileRef = 8D63A1352429CB2C00D799F7 /* Main.storyboard */; };
		8D63A1392429CB2D00D799F7 /* Assets.xcassets in Resources */ = {isa = PBXBuildFile; fileRef = 8D63A1382429CB2D00D799F7 /* Assets.xcassets */; };
		8D63A13C2429CB2D00D799F7 /* LaunchScreen.storyboard in Resources */ = {isa = PBXBuildFile; fileRef = 8D63A13A2429CB2D00D799F7 /* LaunchScreen.storyboard */; };
		8D63A1472429CB2D00D799F7 /* SignupPrototypeTests.swift in Sources */ = {isa = PBXBuildFile; fileRef = 8D63A1462429CB2D00D799F7 /* SignupPrototypeTests.swift */; };
		8D63A1532429FAC300D799F7 /* Request.swift in Sources */ = {isa = PBXBuildFile; fileRef = 8D63A1522429FAC300D799F7 /* Request.swift */; };
		8D63A1552429FFA400D799F7 /* NetworkTests.swift in Sources */ = {isa = PBXBuildFile; fileRef = 8D63A1542429FFA400D799F7 /* NetworkTests.swift */; };
		8D63A158242A554800D799F7 /* PasswordFieldDelegate.swift in Sources */ = {isa = PBXBuildFile; fileRef = 8D63A157242A554800D799F7 /* PasswordFieldDelegate.swift */; };
		8D63A15A242A57A300D799F7 /* EmailFieldDelegate.swift in Sources */ = {isa = PBXBuildFile; fileRef = 8D63A159242A57A300D799F7 /* EmailFieldDelegate.swift */; };
/* End PBXBuildFile section */

/* Begin PBXContainerItemProxy section */
		8D63A1432429CB2D00D799F7 /* PBXContainerItemProxy */ = {
			isa = PBXContainerItemProxy;
			containerPortal = 8D63A1242429CB2C00D799F7 /* Project object */;
			proxyType = 1;
			remoteGlobalIDString = 8D63A12B2429CB2C00D799F7;
			remoteInfo = SignupPrototype;
		};
/* End PBXContainerItemProxy section */

/* Begin PBXFileReference section */
		8D63A12C2429CB2C00D799F7 /* SignupPrototype.app */ = {isa = PBXFileReference; explicitFileType = wrapper.application; includeInIndex = 0; path = SignupPrototype.app; sourceTree = BUILT_PRODUCTS_DIR; };
		8D63A12F2429CB2C00D799F7 /* AppDelegate.swift */ = {isa = PBXFileReference; lastKnownFileType = sourcecode.swift; path = AppDelegate.swift; sourceTree = "<group>"; };
		8D63A1312429CB2C00D799F7 /* SceneDelegate.swift */ = {isa = PBXFileReference; lastKnownFileType = sourcecode.swift; path = SceneDelegate.swift; sourceTree = "<group>"; };
		8D63A1332429CB2C00D799F7 /* ViewController.swift */ = {isa = PBXFileReference; lastKnownFileType = sourcecode.swift; path = ViewController.swift; sourceTree = "<group>"; };
		8D63A1362429CB2C00D799F7 /* Base */ = {isa = PBXFileReference; lastKnownFileType = file.storyboard; name = Base; path = Base.lproj/Main.storyboard; sourceTree = "<group>"; };
		8D63A1382429CB2D00D799F7 /* Assets.xcassets */ = {isa = PBXFileReference; lastKnownFileType = folder.assetcatalog; path = Assets.xcassets; sourceTree = "<group>"; };
		8D63A13B2429CB2D00D799F7 /* Base */ = {isa = PBXFileReference; lastKnownFileType = file.storyboard; name = Base; path = Base.lproj/LaunchScreen.storyboard; sourceTree = "<group>"; };
		8D63A13D2429CB2D00D799F7 /* Info.plist */ = {isa = PBXFileReference; lastKnownFileType = text.plist.xml; path = Info.plist; sourceTree = "<group>"; };
		8D63A1422429CB2D00D799F7 /* SignupPrototypeTests.xctest */ = {isa = PBXFileReference; explicitFileType = wrapper.cfbundle; includeInIndex = 0; path = SignupPrototypeTests.xctest; sourceTree = BUILT_PRODUCTS_DIR; };
		8D63A1462429CB2D00D799F7 /* SignupPrototypeTests.swift */ = {isa = PBXFileReference; lastKnownFileType = sourcecode.swift; path = SignupPrototypeTests.swift; sourceTree = "<group>"; };
		8D63A1482429CB2D00D799F7 /* Info.plist */ = {isa = PBXFileReference; lastKnownFileType = text.plist.xml; path = Info.plist; sourceTree = "<group>"; };
		8D63A1522429FAC300D799F7 /* Request.swift */ = {isa = PBXFileReference; lastKnownFileType = sourcecode.swift; path = Request.swift; sourceTree = "<group>"; };
		8D63A1542429FFA400D799F7 /* NetworkTests.swift */ = {isa = PBXFileReference; lastKnownFileType = sourcecode.swift; path = NetworkTests.swift; sourceTree = "<group>"; };
		8D63A157242A554800D799F7 /* PasswordFieldDelegate.swift */ = {isa = PBXFileReference; lastKnownFileType = sourcecode.swift; path = PasswordFieldDelegate.swift; sourceTree = "<group>"; };
		8D63A159242A57A300D799F7 /* EmailFieldDelegate.swift */ = {isa = PBXFileReference; lastKnownFileType = sourcecode.swift; path = EmailFieldDelegate.swift; sourceTree = "<group>"; };
		8D63A15B242A70C500D799F7 /* SignupPrototype.entitlements */ = {isa = PBXFileReference; lastKnownFileType = text.plist.entitlements; path = SignupPrototype.entitlements; sourceTree = "<group>"; };
/* End PBXFileReference section */

/* Begin PBXFrameworksBuildPhase section */
		8D63A1292429CB2C00D799F7 /* Frameworks */ = {
			isa = PBXFrameworksBuildPhase;
			buildActionMask = 2147483647;
			files = (
			);
			runOnlyForDeploymentPostprocessing = 0;
		};
		8D63A13F2429CB2D00D799F7 /* Frameworks */ = {
			isa = PBXFrameworksBuildPhase;
			buildActionMask = 2147483647;
			files = (
			);
			runOnlyForDeploymentPostprocessing = 0;
		};
/* End PBXFrameworksBuildPhase section */

/* Begin PBXGroup section */
		8D63A1232429CB2C00D799F7 = {
			isa = PBXGroup;
			children = (
				8D63A12E2429CB2C00D799F7 /* SignupPrototype */,
				8D63A1452429CB2D00D799F7 /* SignupPrototypeTests */,
				8D63A12D2429CB2C00D799F7 /* Products */,
			);
			sourceTree = "<group>";
		};
		8D63A12D2429CB2C00D799F7 /* Products */ = {
			isa = PBXGroup;
			children = (
				8D63A12C2429CB2C00D799F7 /* SignupPrototype.app */,
				8D63A1422429CB2D00D799F7 /* SignupPrototypeTests.xctest */,
			);
			name = Products;
			sourceTree = "<group>";
		};
		8D63A12E2429CB2C00D799F7 /* SignupPrototype */ = {
			isa = PBXGroup;
			children = (
				8D63A15B242A70C500D799F7 /* SignupPrototype.entitlements */,
				8D63A156242A550C00D799F7 /* Delegates */,
				8D63A1512429FAAA00D799F7 /* Network */,
				8D63A12F2429CB2C00D799F7 /* AppDelegate.swift */,
				8D63A1312429CB2C00D799F7 /* SceneDelegate.swift */,
				8D63A1332429CB2C00D799F7 /* ViewController.swift */,
				8D63A1352429CB2C00D799F7 /* Main.storyboard */,
				8D63A1382429CB2D00D799F7 /* Assets.xcassets */,
				8D63A13A2429CB2D00D799F7 /* LaunchScreen.storyboard */,
				8D63A13D2429CB2D00D799F7 /* Info.plist */,
			);
			path = SignupPrototype;
			sourceTree = "<group>";
		};
		8D63A1452429CB2D00D799F7 /* SignupPrototypeTests */ = {
			isa = PBXGroup;
			children = (
				8D63A1462429CB2D00D799F7 /* SignupPrototypeTests.swift */,
				8D63A1542429FFA400D799F7 /* NetworkTests.swift */,
				8D63A1482429CB2D00D799F7 /* Info.plist */,
			);
			path = SignupPrototypeTests;
			sourceTree = "<group>";
		};
		8D63A1512429FAAA00D799F7 /* Network */ = {
			isa = PBXGroup;
			children = (
				8D63A1522429FAC300D799F7 /* Request.swift */,
			);
			path = Network;
			sourceTree = "<group>";
		};
		8D63A156242A550C00D799F7 /* Delegates */ = {
			isa = PBXGroup;
			children = (
				8D63A159242A57A300D799F7 /* EmailFieldDelegate.swift */,
				8D63A157242A554800D799F7 /* PasswordFieldDelegate.swift */,
			);
			path = Delegates;
			sourceTree = "<group>";
		};
/* End PBXGroup section */

/* Begin PBXNativeTarget section */
		8D63A12B2429CB2C00D799F7 /* SignupPrototype */ = {
			isa = PBXNativeTarget;
			buildConfigurationList = 8D63A14B2429CB2D00D799F7 /* Build configuration list for PBXNativeTarget "SignupPrototype" */;
			buildPhases = (
				8D63A1282429CB2C00D799F7 /* Sources */,
				8D63A1292429CB2C00D799F7 /* Frameworks */,
				8D63A12A2429CB2C00D799F7 /* Resources */,
			);
			buildRules = (
			);
			dependencies = (
			);
			name = SignupPrototype;
			productName = SignupPrototype;
			productReference = 8D63A12C2429CB2C00D799F7 /* SignupPrototype.app */;
			productType = "com.apple.product-type.application";
		};
		8D63A1412429CB2D00D799F7 /* SignupPrototypeTests */ = {
			isa = PBXNativeTarget;
			buildConfigurationList = 8D63A14E2429CB2D00D799F7 /* Build configuration list for PBXNativeTarget "SignupPrototypeTests" */;
			buildPhases = (
				8D63A13E2429CB2D00D799F7 /* Sources */,
				8D63A13F2429CB2D00D799F7 /* Frameworks */,
				8D63A1402429CB2D00D799F7 /* Resources */,
			);
			buildRules = (
			);
			dependencies = (
				8D63A1442429CB2D00D799F7 /* PBXTargetDependency */,
			);
			name = SignupPrototypeTests;
			productName = SignupPrototypeTests;
			productReference = 8D63A1422429CB2D00D799F7 /* SignupPrototypeTests.xctest */;
			productType = "com.apple.product-type.bundle.unit-test";
		};
/* End PBXNativeTarget section */

/* Begin PBXProject section */
		8D63A1242429CB2C00D799F7 /* Project object */ = {
			isa = PBXProject;
			attributes = {
				LastSwiftUpdateCheck = 1130;
				LastUpgradeCheck = 1130;
				ORGANIZATIONNAME = Codesquad;
				TargetAttributes = {
					8D63A12B2429CB2C00D799F7 = {
						CreatedOnToolsVersion = 11.3.1;
					};
					8D63A1412429CB2D00D799F7 = {
						CreatedOnToolsVersion = 11.3.1;
						TestTargetID = 8D63A12B2429CB2C00D799F7;
					};
				};
			};
			buildConfigurationList = 8D63A1272429CB2C00D799F7 /* Build configuration list for PBXProject "SignupPrototype" */;
			compatibilityVersion = "Xcode 9.3";
			developmentRegion = en;
			hasScannedForEncodings = 0;
			knownRegions = (
				en,
				Base,
			);
			mainGroup = 8D63A1232429CB2C00D799F7;
			productRefGroup = 8D63A12D2429CB2C00D799F7 /* Products */;
			projectDirPath = "";
			projectRoot = "";
			targets = (
				8D63A12B2429CB2C00D799F7 /* SignupPrototype */,
				8D63A1412429CB2D00D799F7 /* SignupPrototypeTests */,
			);
		};
/* End PBXProject section */

/* Begin PBXResourcesBuildPhase section */
		8D63A12A2429CB2C00D799F7 /* Resources */ = {
			isa = PBXResourcesBuildPhase;
			buildActionMask = 2147483647;
			files = (
				8D63A13C2429CB2D00D799F7 /* LaunchScreen.storyboard in Resources */,
				8D63A1392429CB2D00D799F7 /* Assets.xcassets in Resources */,
				8D63A1372429CB2C00D799F7 /* Main.storyboard in Resources */,
			);
			runOnlyForDeploymentPostprocessing = 0;
		};
		8D63A1402429CB2D00D799F7 /* Resources */ = {
			isa = PBXResourcesBuildPhase;
			buildActionMask = 2147483647;
			files = (
			);
			runOnlyForDeploymentPostprocessing = 0;
		};
/* End PBXResourcesBuildPhase section */

/* Begin PBXSourcesBuildPhase section */
		8D63A1282429CB2C00D799F7 /* Sources */ = {
			isa = PBXSourcesBuildPhase;
			buildActionMask = 2147483647;
			files = (
				8D63A15A242A57A300D799F7 /* EmailFieldDelegate.swift in Sources */,
				8D63A1342429CB2C00D799F7 /* ViewController.swift in Sources */,
				8D63A1532429FAC300D799F7 /* Request.swift in Sources */,
				8D63A1302429CB2C00D799F7 /* AppDelegate.swift in Sources */,
				8D63A1322429CB2C00D799F7 /* SceneDelegate.swift in Sources */,
				8D63A158242A554800D799F7 /* PasswordFieldDelegate.swift in Sources */,
			);
			runOnlyForDeploymentPostprocessing = 0;
		};
		8D63A13E2429CB2D00D799F7 /* Sources */ = {
			isa = PBXSourcesBuildPhase;
			buildActionMask = 2147483647;
			files = (
				8D63A1552429FFA400D799F7 /* NetworkTests.swift in Sources */,
				8D63A1472429CB2D00D799F7 /* SignupPrototypeTests.swift in Sources */,
			);
			runOnlyForDeploymentPostprocessing = 0;
		};
/* End PBXSourcesBuildPhase section */

/* Begin PBXTargetDependency section */
		8D63A1442429CB2D00D799F7 /* PBXTargetDependency */ = {
			isa = PBXTargetDependency;
			target = 8D63A12B2429CB2C00D799F7 /* SignupPrototype */;
			targetProxy = 8D63A1432429CB2D00D799F7 /* PBXContainerItemProxy */;
		};
/* End PBXTargetDependency section */

/* Begin PBXVariantGroup section */
		8D63A1352429CB2C00D799F7 /* Main.storyboard */ = {
			isa = PBXVariantGroup;
			children = (
				8D63A1362429CB2C00D799F7 /* Base */,
			);
			name = Main.storyboard;
			sourceTree = "<group>";
		};
		8D63A13A2429CB2D00D799F7 /* LaunchScreen.storyboard */ = {
			isa = PBXVariantGroup;
			children = (
				8D63A13B2429CB2D00D799F7 /* Base */,
			);
			name = LaunchScreen.storyboard;
			sourceTree = "<group>";
		};
/* End PBXVariantGroup section */

/* Begin XCBuildConfiguration section */
		8D63A1492429CB2D00D799F7 /* Debug */ = {
			isa = XCBuildConfiguration;
			buildSettings = {
				ALWAYS_SEARCH_USER_PATHS = NO;
				CLANG_ANALYZER_NONNULL = YES;
				CLANG_ANALYZER_NUMBER_OBJECT_CONVERSION = YES_AGGRESSIVE;
				CLANG_CXX_LANGUAGE_STANDARD = "gnu++14";
				CLANG_CXX_LIBRARY = "libc++";
				CLANG_ENABLE_MODULES = YES;
				CLANG_ENABLE_OBJC_ARC = YES;
				CLANG_ENABLE_OBJC_WEAK = YES;
				CLANG_WARN_BLOCK_CAPTURE_AUTORELEASING = YES;
				CLANG_WARN_BOOL_CONVERSION = YES;
				CLANG_WARN_COMMA = YES;
				CLANG_WARN_CONSTANT_CONVERSION = YES;
				CLANG_WARN_DEPRECATED_OBJC_IMPLEMENTATIONS = YES;
				CLANG_WARN_DIRECT_OBJC_ISA_USAGE = YES_ERROR;
				CLANG_WARN_DOCUMENTATION_COMMENTS = YES;
				CLANG_WARN_EMPTY_BODY = YES;
				CLANG_WARN_ENUM_CONVERSION = YES;
				CLANG_WARN_INFINITE_RECURSION = YES;
				CLANG_WARN_INT_CONVERSION = YES;
				CLANG_WARN_NON_LITERAL_NULL_CONVERSION = YES;
				CLANG_WARN_OBJC_IMPLICIT_RETAIN_SELF = YES;
				CLANG_WARN_OBJC_LITERAL_CONVERSION = YES;
				CLANG_WARN_OBJC_ROOT_CLASS = YES_ERROR;
				CLANG_WARN_RANGE_LOOP_ANALYSIS = YES;
				CLANG_WARN_STRICT_PROTOTYPES = YES;
				CLANG_WARN_SUSPICIOUS_MOVE = YES;
				CLANG_WARN_UNGUARDED_AVAILABILITY = YES_AGGRESSIVE;
				CLANG_WARN_UNREACHABLE_CODE = YES;
				CLANG_WARN__DUPLICATE_METHOD_MATCH = YES;
				COPY_PHASE_STRIP = NO;
				DEBUG_INFORMATION_FORMAT = dwarf;
				ENABLE_STRICT_OBJC_MSGSEND = YES;
				ENABLE_TESTABILITY = YES;
				GCC_C_LANGUAGE_STANDARD = gnu11;
				GCC_DYNAMIC_NO_PIC = NO;
				GCC_NO_COMMON_BLOCKS = YES;
				GCC_OPTIMIZATION_LEVEL = 0;
				GCC_PREPROCESSOR_DEFINITIONS = (
					"DEBUG=1",
					"$(inherited)",
				);
				GCC_WARN_64_TO_32_BIT_CONVERSION = YES;
				GCC_WARN_ABOUT_RETURN_TYPE = YES_ERROR;
				GCC_WARN_UNDECLARED_SELECTOR = YES;
				GCC_WARN_UNINITIALIZED_AUTOS = YES_AGGRESSIVE;
				GCC_WARN_UNUSED_FUNCTION = YES;
				GCC_WARN_UNUSED_VARIABLE = YES;
				IPHONEOS_DEPLOYMENT_TARGET = 13.2;
				MTL_ENABLE_DEBUG_INFO = INCLUDE_SOURCE;
				MTL_FAST_MATH = YES;
				ONLY_ACTIVE_ARCH = YES;
				SDKROOT = iphoneos;
				SWIFT_ACTIVE_COMPILATION_CONDITIONS = DEBUG;
				SWIFT_OPTIMIZATION_LEVEL = "-Onone";
			};
			name = Debug;
		};
		8D63A14A2429CB2D00D799F7 /* Release */ = {
			isa = XCBuildConfiguration;
			buildSettings = {
				ALWAYS_SEARCH_USER_PATHS = NO;
				CLANG_ANALYZER_NONNULL = YES;
				CLANG_ANALYZER_NUMBER_OBJECT_CONVERSION = YES_AGGRESSIVE;
				CLANG_CXX_LANGUAGE_STANDARD = "gnu++14";
				CLANG_CXX_LIBRARY = "libc++";
				CLANG_ENABLE_MODULES = YES;
				CLANG_ENABLE_OBJC_ARC = YES;
				CLANG_ENABLE_OBJC_WEAK = YES;
				CLANG_WARN_BLOCK_CAPTURE_AUTORELEASING = YES;
				CLANG_WARN_BOOL_CONVERSION = YES;
				CLANG_WARN_COMMA = YES;
				CLANG_WARN_CONSTANT_CONVERSION = YES;
				CLANG_WARN_DEPRECATED_OBJC_IMPLEMENTATIONS = YES;
				CLANG_WARN_DIRECT_OBJC_ISA_USAGE = YES_ERROR;
				CLANG_WARN_DOCUMENTATION_COMMENTS = YES;
				CLANG_WARN_EMPTY_BODY = YES;
				CLANG_WARN_ENUM_CONVERSION = YES;
				CLANG_WARN_INFINITE_RECURSION = YES;
				CLANG_WARN_INT_CONVERSION = YES;
				CLANG_WARN_NON_LITERAL_NULL_CONVERSION = YES;
				CLANG_WARN_OBJC_IMPLICIT_RETAIN_SELF = YES;
				CLANG_WARN_OBJC_LITERAL_CONVERSION = YES;
				CLANG_WARN_OBJC_ROOT_CLASS = YES_ERROR;
				CLANG_WARN_RANGE_LOOP_ANALYSIS = YES;
				CLANG_WARN_STRICT_PROTOTYPES = YES;
				CLANG_WARN_SUSPICIOUS_MOVE = YES;
				CLANG_WARN_UNGUARDED_AVAILABILITY = YES_AGGRESSIVE;
				CLANG_WARN_UNREACHABLE_CODE = YES;
				CLANG_WARN__DUPLICATE_METHOD_MATCH = YES;
				COPY_PHASE_STRIP = NO;
				DEBUG_INFORMATION_FORMAT = "dwarf-with-dsym";
				ENABLE_NS_ASSERTIONS = NO;
				ENABLE_STRICT_OBJC_MSGSEND = YES;
				GCC_C_LANGUAGE_STANDARD = gnu11;
				GCC_NO_COMMON_BLOCKS = YES;
				GCC_WARN_64_TO_32_BIT_CONVERSION = YES;
				GCC_WARN_ABOUT_RETURN_TYPE = YES_ERROR;
				GCC_WARN_UNDECLARED_SELECTOR = YES;
				GCC_WARN_UNINITIALIZED_AUTOS = YES_AGGRESSIVE;
				GCC_WARN_UNUSED_FUNCTION = YES;
				GCC_WARN_UNUSED_VARIABLE = YES;
				IPHONEOS_DEPLOYMENT_TARGET = 13.2;
				MTL_ENABLE_DEBUG_INFO = NO;
				MTL_FAST_MATH = YES;
				SDKROOT = iphoneos;
				SWIFT_COMPILATION_MODE = wholemodule;
				SWIFT_OPTIMIZATION_LEVEL = "-O";
				VALIDATE_PRODUCT = YES;
			};
			name = Release;
		};
		8D63A14C2429CB2D00D799F7 /* Debug */ = {
			isa = XCBuildConfiguration;
			buildSettings = {
				ASSETCATALOG_COMPILER_APPICON_NAME = AppIcon;
				CODE_SIGN_ENTITLEMENTS = SignupPrototype/SignupPrototype.entitlements;
				CODE_SIGN_STYLE = Automatic;
				DEVELOPMENT_TEAM = 66M38QS75Q;
				INFOPLIST_FILE = SignupPrototype/Info.plist;
				LD_RUNPATH_SEARCH_PATHS = (
					"$(inherited)",
					"@executable_path/Frameworks",
				);
				PRODUCT_BUNDLE_IDENTIFIER = com.codesquad.SignupPrototype;
				PRODUCT_NAME = "$(TARGET_NAME)";
				SWIFT_VERSION = 5.0;
				TARGETED_DEVICE_FAMILY = "1,2";
			};
			name = Debug;
		};
		8D63A14D2429CB2D00D799F7 /* Release */ = {
			isa = XCBuildConfiguration;
			buildSettings = {
				ASSETCATALOG_COMPILER_APPICON_NAME = AppIcon;
				CODE_SIGN_ENTITLEMENTS = SignupPrototype/SignupPrototype.entitlements;
				CODE_SIGN_STYLE = Automatic;
				DEVELOPMENT_TEAM = 66M38QS75Q;
				INFOPLIST_FILE = SignupPrototype/Info.plist;
				LD_RUNPATH_SEARCH_PATHS = (
					"$(inherited)",
					"@executable_path/Frameworks",
				);
				PRODUCT_BUNDLE_IDENTIFIER = com.codesquad.SignupPrototype;
				PRODUCT_NAME = "$(TARGET_NAME)";
				SWIFT_VERSION = 5.0;
				TARGETED_DEVICE_FAMILY = "1,2";
			};
			name = Release;
		};
		8D63A14F2429CB2D00D799F7 /* Debug */ = {
			isa = XCBuildConfiguration;
			buildSettings = {
				ALWAYS_EMBED_SWIFT_STANDARD_LIBRARIES = YES;
				BUNDLE_LOADER = "$(TEST_HOST)";
				CODE_SIGN_STYLE = Automatic;
				DEVELOPMENT_TEAM = 66M38QS75Q;
				INFOPLIST_FILE = SignupPrototypeTests/Info.plist;
				IPHONEOS_DEPLOYMENT_TARGET = 13.2;
				LD_RUNPATH_SEARCH_PATHS = (
					"$(inherited)",
					"@executable_path/Frameworks",
					"@loader_path/Frameworks",
				);
				PRODUCT_BUNDLE_IDENTIFIER = com.codesquad.SignupPrototypeTests;
				PRODUCT_NAME = "$(TARGET_NAME)";
				SWIFT_VERSION = 5.0;
				TARGETED_DEVICE_FAMILY = "1,2";
				TEST_HOST = "$(BUILT_PRODUCTS_DIR)/SignupPrototype.app/SignupPrototype";
			};
			name = Debug;
		};
		8D63A1502429CB2D00D799F7 /* Release */ = {
			isa = XCBuildConfiguration;
			buildSettings = {
				ALWAYS_EMBED_SWIFT_STANDARD_LIBRARIES = YES;
				BUNDLE_LOADER = "$(TEST_HOST)";
				CODE_SIGN_STYLE = Automatic;
				DEVELOPMENT_TEAM = 66M38QS75Q;
				INFOPLIST_FILE = SignupPrototypeTests/Info.plist;
				IPHONEOS_DEPLOYMENT_TARGET = 13.2;
				LD_RUNPATH_SEARCH_PATHS = (
					"$(inherited)",
					"@executable_path/Frameworks",
					"@loader_path/Frameworks",
				);
				PRODUCT_BUNDLE_IDENTIFIER = com.codesquad.SignupPrototypeTests;
				PRODUCT_NAME = "$(TARGET_NAME)";
				SWIFT_VERSION = 5.0;
				TARGETED_DEVICE_FAMILY = "1,2";
				TEST_HOST = "$(BUILT_PRODUCTS_DIR)/SignupPrototype.app/SignupPrototype";
			};
			name = Release;
		};
/* End XCBuildConfiguration section */

/* Begin XCConfigurationList section */
		8D63A1272429CB2C00D799F7 /* Build configuration list for PBXProject "SignupPrototype" */ = {
			isa = XCConfigurationList;
			buildConfigurations = (
				8D63A1492429CB2D00D799F7 /* Debug */,
				8D63A14A2429CB2D00D799F7 /* Release */,
			);
			defaultConfigurationIsVisible = 0;
			defaultConfigurationName = Release;
		};
		8D63A14B2429CB2D00D799F7 /* Build configuration list for PBXNativeTarget "SignupPrototype" */ = {
			isa = XCConfigurationList;
			buildConfigurations = (
				8D63A14C2429CB2D00D799F7 /* Debug */,
				8D63A14D2429CB2D00D799F7 /* Release */,
			);
			defaultConfigurationIsVisible = 0;
			defaultConfigurationName = Release;
		};
		8D63A14E2429CB2D00D799F7 /* Build configuration list for PBXNativeTarget "SignupPrototypeTests" */ = {
			isa = XCConfigurationList;
			buildConfigurations = (
				8D63A14F2429CB2D00D799F7 /* Debug */,
				8D63A1502429CB2D00D799F7 /* Release */,
			);
			defaultConfigurationIsVisible = 0;
			defaultConfigurationName = Release;
		};
/* End XCConfigurationList section */
	};
	rootObject = 8D63A1242429CB2C00D799F7 /* Project object */;
}
